
Microsoft Visual Studio Solution File, Format Version 12.00
# Visual Studio Version 17
VisualStudioVersion = 17.4.33213.308
MinimumVisualStudioVersion = 10.0.40219.1
Project("{FAE04EC0-301F-11D3-BF4B-00C04F79EFBC}") = "DataAccessLayer", "..\DataAccessLayer\DataAccessLayer.csproj", "{841A3941-13E3-4AC7-8237-D5A83CB06DB9}"
EndProject
Project("{FAE04EC0-301F-11D3-BF4B-00C04F79EFBC}") = "BesnissLayer", "..\BesnissLayer\BesnissLayer.csproj", "{3139DABA-D9E1-4599-8D52-4DC4AAAF7D70}"
EndProject
Project("{FAE04EC0-301F-11D3-BF4B-00C04F79EFBC}") = "PresentationLayer", "..\PresentationLayer\PresentationLayer.csproj", "{8E06E319-27B3-4B34-B531-89B712BD9CAD}"
EndProject
Global
	GlobalSection(SolutionConfigurationPlatforms) = preSolution
		Debug|Any CPU = Debug|Any CPU
		Release|Any CPU = Release|Any CPU
	EndGlobalSection
	GlobalSection(ProjectConfigurationPlatforms) = postSolution
		{841A3941-13E3-4AC7-8237-D5A83CB06DB9}.Debug|Any CPU.ActiveCfg = Debug|Any CPU
		{841A3941-13E3-4AC7-8237-D5A83CB06DB9}.Debug|Any CPU.Build.0 = Debug|Any CPU
		{841A3941-13E3-4AC7-8237-D5A83CB06DB9}.Release|Any CPU.ActiveCfg = Release|Any CPU
		{841A3941-13E3-4AC7-8237-D5A83CB06DB9}.Release|Any CPU.Build.0 = Release|Any CPU
		{3139DABA-D9E1-4599-8D52-4DC4AAAF7D70}.Debug|Any CPU.ActiveCfg = Debug|Any CPU
		{3139DABA-D9E1-4599-8D52-4DC4AAAF7D70}.Debug|Any CPU.Build.0 = Debug|Any CPU
		{3139DABA-D9E1-4599-8D52-4DC4AAAF7D70}.Release|Any CPU.ActiveCfg = Release|Any CPU
		{3139DABA-D9E1-4599-8D52-4DC4AAAF7D70}.Release|Any CPU.Build.0 = Release|Any CPU
		{8E06E319-27B3-4B34-B531-89B712BD9CAD}.Debug|Any CPU.ActiveCfg = Debug|Any CPU
		{8E06E319-27B3-4B34-B531-89B712BD9CAD}.Debug|Any CPU.Build.0 = Debug|Any CPU
		{8E06E319-27B3-4B34-B531-89B712BD9CAD}.Release|Any CPU.ActiveCfg = Release|Any CPU
		{8E06E319-27B3-4B34-B531-89B712BD9CAD}.Release|Any CPU.Build.0 = Release|Any CPU
	EndGlobalSection
	GlobalSection(SolutionProperties) = preSolution
		HideSolutionNode = FALSE
	EndGlobalSection
	GlobalSection(ExtensibilityGlobals) = postSolution
		SolutionGuid = {018C1AD8-4FBE-4FD4-BCCA-205A54464C64}
	EndGlobalSection
EndGlobal
